
Microsoft Visual Studio Solution File, Format Version 11.00
# Visual Studio 2010
Project("{FAE04EC0-301F-11D3-BF4B-00C04F79EFBC}") = "DoActionOnceWhen", "DoActionOnceWhen\DoActionOnceWhen.csproj", "{3ECC547C-B815-4CD0-94CB-531C7FAE6241}"
EndProject
Project("{FAE04EC0-301F-11D3-BF4B-00C04F79EFBC}") = "DoActionOnceWhen.Sample", "DoActionOnceWhen.Sample\DoActionOnceWhen.Sample.csproj", "{B4E2B6C4-7542-4DD2-9E2B-F2BA5992D21F}"
EndProject
Project("{FAE04EC0-301F-11D3-BF4B-00C04F79EFBC}") = "DoActionOnceWhen.Tests", "DoActionOnceWhen.Tests\DoActionOnceWhen.Tests.csproj", "{8DC06A1A-7AC6-4EAC-9031-C05A2C5D9772}"
EndProject
Project("{2150E333-8FDC-42A3-9474-1A3956D46DE8}") = "Solution Items", "Solution Items", "{561AF3D0-29FF-4A28-BF99-0E97FF03B6B7}"
	ProjectSection(SolutionItems) = preProject
		DoActionOnceWhen.vsmdi = DoActionOnceWhen.vsmdi
		Local.testsettings = Local.testsettings
		TraceAndTestImpact.testsettings = TraceAndTestImpact.testsettings
	EndProjectSection
EndProject
Global
	GlobalSection(TestCaseManagementSettings) = postSolution
		CategoryFile = DoActionOnceWhen.vsmdi
	EndGlobalSection
	GlobalSection(SolutionConfigurationPlatforms) = preSolution
		Debug|Any CPU = Debug|Any CPU
		Debug|Mixed Platforms = Debug|Mixed Platforms
		Debug|x86 = Debug|x86
		Release|Any CPU = Release|Any CPU
		Release|Mixed Platforms = Release|Mixed Platforms
		Release|x86 = Release|x86
	EndGlobalSection
	GlobalSection(ProjectConfigurationPlatforms) = postSolution
		{3ECC547C-B815-4CD0-94CB-531C7FAE6241}.Debug|Any CPU.ActiveCfg = Debug|Any CPU
		{3ECC547C-B815-4CD0-94CB-531C7FAE6241}.Debug|Any CPU.Build.0 = Debug|Any CPU
		{3ECC547C-B815-4CD0-94CB-531C7FAE6241}.Debug|Mixed Platforms.ActiveCfg = Debug|Any CPU
		{3ECC547C-B815-4CD0-94CB-531C7FAE6241}.Debug|Mixed Platforms.Build.0 = Debug|Any CPU
		{3ECC547C-B815-4CD0-94CB-531C7FAE6241}.Debug|x86.ActiveCfg = Debug|Any CPU
		{3ECC547C-B815-4CD0-94CB-531C7FAE6241}.Release|Any CPU.ActiveCfg = Release|Any CPU
		{3ECC547C-B815-4CD0-94CB-531C7FAE6241}.Release|Any CPU.Build.0 = Release|Any CPU
		{3ECC547C-B815-4CD0-94CB-531C7FAE6241}.Release|Mixed Platforms.ActiveCfg = Release|Any CPU
		{3ECC547C-B815-4CD0-94CB-531C7FAE6241}.Release|Mixed Platforms.Build.0 = Release|Any CPU
		{3ECC547C-B815-4CD0-94CB-531C7FAE6241}.Release|x86.ActiveCfg = Release|Any CPU
		{B4E2B6C4-7542-4DD2-9E2B-F2BA5992D21F}.Debug|Any CPU.ActiveCfg = Debug|x86
		{B4E2B6C4-7542-4DD2-9E2B-F2BA5992D21F}.Debug|Mixed Platforms.ActiveCfg = Debug|x86
		{B4E2B6C4-7542-4DD2-9E2B-F2BA5992D21F}.Debug|Mixed Platforms.Build.0 = Debug|x86
		{B4E2B6C4-7542-4DD2-9E2B-F2BA5992D21F}.Debug|x86.ActiveCfg = Debug|x86
		{B4E2B6C4-7542-4DD2-9E2B-F2BA5992D21F}.Debug|x86.Build.0 = Debug|x86
		{B4E2B6C4-7542-4DD2-9E2B-F2BA5992D21F}.Release|Any CPU.ActiveCfg = Release|x86
		{B4E2B6C4-7542-4DD2-9E2B-F2BA5992D21F}.Release|Mixed Platforms.ActiveCfg = Release|x86
		{B4E2B6C4-7542-4DD2-9E2B-F2BA5992D21F}.Release|Mixed Platforms.Build.0 = Release|x86
		{B4E2B6C4-7542-4DD2-9E2B-F2BA5992D21F}.Release|x86.ActiveCfg = Release|x86
		{B4E2B6C4-7542-4DD2-9E2B-F2BA5992D21F}.Release|x86.Build.0 = Release|x86
		{8DC06A1A-7AC6-4EAC-9031-C05A2C5D9772}.Debug|Any CPU.ActiveCfg = Debug|Any CPU
		{8DC06A1A-7AC6-4EAC-9031-C05A2C5D9772}.Debug|Any CPU.Build.0 = Debug|Any CPU
		{8DC06A1A-7AC6-4EAC-9031-C05A2C5D9772}.Debug|Mixed Platforms.ActiveCfg = Debug|Any CPU
		{8DC06A1A-7AC6-4EAC-9031-C05A2C5D9772}.Debug|Mixed Platforms.Build.0 = Debug|Any CPU
		{8DC06A1A-7AC6-4EAC-9031-C05A2C5D9772}.Debug|x86.ActiveCfg = Debug|Any CPU
		{8DC06A1A-7AC6-4EAC-9031-C05A2C5D9772}.Release|Any CPU.ActiveCfg = Release|Any CPU
		{8DC06A1A-7AC6-4EAC-9031-C05A2C5D9772}.Release|Any CPU.Build.0 = Release|Any CPU
		{8DC06A1A-7AC6-4EAC-9031-C05A2C5D9772}.Release|Mixed Platforms.ActiveCfg = Release|Any CPU
		{8DC06A1A-7AC6-4EAC-9031-C05A2C5D9772}.Release|Mixed Platforms.Build.0 = Release|Any CPU
		{8DC06A1A-7AC6-4EAC-9031-C05A2C5D9772}.Release|x86.ActiveCfg = Release|Any CPU
	EndGlobalSection
	GlobalSection(SolutionProperties) = preSolution
		HideSolutionNode = FALSE
	EndGlobalSection
EndGlobal
